
Microsoft Visual Studio Solution File, Format Version 12.00
# Visual Studio Version 16
VisualStudioVersion = 16.0.28705.295
MinimumVisualStudioVersion = 10.0.40219.1
Project("{9A19103F-16F7-4668-BE54-9A1E7A4F7556}") = "ManagementAPI.Service", "ManagementAPI.Service\ManagementAPI.Service.csproj", "{F2B835CA-06DA-4486-A708-12146EA1C251}"
EndProject
Project("{9A19103F-16F7-4668-BE54-9A1E7A4F7556}") = "ManagementAPI.Service.Tests", "ManagementAPI.Service.Tests\ManagementAPI.Service.Tests.csproj", "{7CC940CD-41D8-4BDC-A6E5-E83AEAF6CEAC}"
EndProject
Project("{9A19103F-16F7-4668-BE54-9A1E7A4F7556}") = "ManagementAPI.Tournament.DomainEvents", "ManagementAPI.Tournament.DomainEvents\ManagementAPI.Tournament.DomainEvents.csproj", "{BECBE4F7-8A67-430C-9637-6E1F120911A8}"
EndProject
Project("{9A19103F-16F7-4668-BE54-9A1E7A4F7556}") = "ManagementAPI.TournamentAggregate", "ManagementAPI.TournamentAggregate\ManagementAPI.TournamentAggregate.csproj", "{5ACC6B2A-F3C9-4313-8CB1-5BB15A29F77F}"
EndProject
Project("{2150E333-8FDC-42A3-9474-1A3956D46DE8}") = "src", "src", "{8305FE03-FF55-4725-B2E9-275FBA67F246}"
EndProject
Project("{2150E333-8FDC-42A3-9474-1A3956D46DE8}") = "test", "test", "{E879EDAF-2767-4DEB-868A-DB4B49239E06}"
EndProject
Project("{9A19103F-16F7-4668-BE54-9A1E7A4F7556}") = "ManagementAPI.Service.DataTransferObjects", "ManagementAPI.Service.DataTransferObjects\ManagementAPI.Service.DataTransferObjects.csproj", "{D02A4014-D385-41E1-BBB0-B9804E2F799F}"
EndProject
Project("{9A19103F-16F7-4668-BE54-9A1E7A4F7556}") = "ManagementAPI.PlayerAggregate", "ManagementAPI.PlayerAggregate\ManagementAPI.PlayerAggregate.csproj", "{E7CD30F1-C778-4B51-971A-13D406BFC0B0}"
EndProject
Project("{9A19103F-16F7-4668-BE54-9A1E7A4F7556}") = "ManagementAPI.Player.DomainEvents", "ManagementAPI.Player.DomainEvents\ManagementAPI.Player.DomainEvents.csproj", "{7D41D49C-3B60-43F5-B650-C67F2669469F}"
EndProject
Project("{9A19103F-16F7-4668-BE54-9A1E7A4F7556}") = "ManagementAPI.Database", "ManagementAPI.Database\ManagementAPI.Database.csproj", "{06F22C57-A3E3-4217-B615-4B462BC851DE}"
EndProject
Project("{9A19103F-16F7-4668-BE54-9A1E7A4F7556}") = "ManagementAPI.Service.Client", "ManagementAPI.Service.Client\ManagementAPI.Service.Client.csproj", "{DCC3912A-77EB-4023-BBA1-008E2271B244}"
EndProject
Project("{9A19103F-16F7-4668-BE54-9A1E7A4F7556}") = "ManagementAPI.GolfClub.DomainEvents", "ManagementAPI.GolfClub.DomainEvents\ManagementAPI.GolfClub.DomainEvents.csproj", "{3D8154AA-0171-4E80-8AAA-8CD49DD809BA}"
EndProject
Project("{9A19103F-16F7-4668-BE54-9A1E7A4F7556}") = "ManagementAPI.GolfClubAggregate", "ManagementAPI.GolfClubAggregate\ManagementAPI.GolfClubAggregate.csproj", "{91C39FA6-A060-48B1-A24A-9509EA2A1463}"
EndProject
Project("{9A19103F-16F7-4668-BE54-9A1E7A4F7556}") = "ManagementAPI.IntegrationTests", "ManagementAPI.IntegrationTests\ManagementAPI.IntegrationTests.csproj", "{A2499D02-6B5B-4007-92A0-8794DC3DABF1}"
EndProject
Project("{9A19103F-16F7-4668-BE54-9A1E7A4F7556}") = "ManagementAPI.GolfClubMembershipAggregate", "ManagementAPI.GolfClubMembershipAggregate\ManagementAPI.GolfClubMembershipAggregate.csproj", "{1EE2599B-BA8D-496D-8120-A4DA4D65F3CA}"
EndProject
Project("{9A19103F-16F7-4668-BE54-9A1E7A4F7556}") = "ManagementAPI.GolfClubMembership.DomainEvents", "ManagementAPI.GolfClubMembership.DomainEvents\ManagementAPI.GolfClubMembership.DomainEvents.csproj", "{4AF30D8E-0363-4FAA-B377-23E8C22FF452}"
EndProject
Project("{9A19103F-16F7-4668-BE54-9A1E7A4F7556}") = "ManagmentAPI.TestDataGenerator", "ManagmentAPI.TestDataGenerator\ManagmentAPI.TestDataGenerator.csproj", "{695C18E3-7F7E-4104-9040-5BD7D54C1863}"
EndProject
Project("{9A19103F-16F7-4668-BE54-9A1E7A4F7556}") = "ManagementAPI.Service.Developer.DTO", "ManagementAPI.Service.Developer.DTO\ManagementAPI.Service.Developer.DTO.csproj", "{A50BE375-E55C-4ED7-8DD8-31039F5CC386}"
EndProject
Project("{2150E333-8FDC-42A3-9474-1A3956D46DE8}") = "docker", "docker", "{40CEFD77-23FE-4623-BC1F-B44D862856FC}"
	ProjectSection(SolutionItems) = preProject
		ManagementAPI.SubscriptionServiceDatabase.Docker\Dockerfile = ManagementAPI.SubscriptionServiceDatabase.Docker\Dockerfile
		ManagementAPI.SubscriptionServiceDatabase.Docker\SetupConfiguration.sql = ManagementAPI.SubscriptionServiceDatabase.Docker\SetupConfiguration.sql
	EndProjectSection
EndProject
Project("{FAE04EC0-301F-11D3-BF4B-00C04F79EFBC}") = "ManagementAPI.HandicapCalcProcessAggregate", "ManagementAPI.HandicapCalcProcessAggregate\ManagementAPI.HandicapCalcProcessAggregate.csproj", "{526BF25C-5B5C-44C4-B654-DD336D5148E6}"
EndProject
Project("{FAE04EC0-301F-11D3-BF4B-00C04F79EFBC}") = "ManagementAPI.HandicapCalcProcess.DomainEvents", "ManagementAPI.HandicapCalcProcess.DomainEvents\ManagementAPI.HandicapCalcProcess.DomainEvents.csproj", "{8B02A90B-E0EE-4898-9507-D825FC1276C1}"
EndProject
Global
	GlobalSection(SolutionConfigurationPlatforms) = preSolution
		Debug|Any CPU = Debug|Any CPU
		Release|Any CPU = Release|Any CPU
	EndGlobalSection
	GlobalSection(ProjectConfigurationPlatforms) = postSolution
		{F2B835CA-06DA-4486-A708-12146EA1C251}.Debug|Any CPU.ActiveCfg = Debug|Any CPU
		{F2B835CA-06DA-4486-A708-12146EA1C251}.Debug|Any CPU.Build.0 = Debug|Any CPU
		{F2B835CA-06DA-4486-A708-12146EA1C251}.Release|Any CPU.ActiveCfg = Release|Any CPU
		{F2B835CA-06DA-4486-A708-12146EA1C251}.Release|Any CPU.Build.0 = Release|Any CPU
		{7CC940CD-41D8-4BDC-A6E5-E83AEAF6CEAC}.Debug|Any CPU.ActiveCfg = Debug|Any CPU
		{7CC940CD-41D8-4BDC-A6E5-E83AEAF6CEAC}.Debug|Any CPU.Build.0 = Debug|Any CPU
		{7CC940CD-41D8-4BDC-A6E5-E83AEAF6CEAC}.Release|Any CPU.ActiveCfg = Release|Any CPU
		{7CC940CD-41D8-4BDC-A6E5-E83AEAF6CEAC}.Release|Any CPU.Build.0 = Release|Any CPU
		{BECBE4F7-8A67-430C-9637-6E1F120911A8}.Debug|Any CPU.ActiveCfg = Debug|Any CPU
		{BECBE4F7-8A67-430C-9637-6E1F120911A8}.Debug|Any CPU.Build.0 = Debug|Any CPU
		{BECBE4F7-8A67-430C-9637-6E1F120911A8}.Release|Any CPU.ActiveCfg = Release|Any CPU
		{BECBE4F7-8A67-430C-9637-6E1F120911A8}.Release|Any CPU.Build.0 = Release|Any CPU
		{5ACC6B2A-F3C9-4313-8CB1-5BB15A29F77F}.Debug|Any CPU.ActiveCfg = Debug|Any CPU
		{5ACC6B2A-F3C9-4313-8CB1-5BB15A29F77F}.Debug|Any CPU.Build.0 = Debug|Any CPU
		{5ACC6B2A-F3C9-4313-8CB1-5BB15A29F77F}.Release|Any CPU.ActiveCfg = Release|Any CPU
		{5ACC6B2A-F3C9-4313-8CB1-5BB15A29F77F}.Release|Any CPU.Build.0 = Release|Any CPU
		{D02A4014-D385-41E1-BBB0-B9804E2F799F}.Debug|Any CPU.ActiveCfg = Debug|Any CPU
		{D02A4014-D385-41E1-BBB0-B9804E2F799F}.Debug|Any CPU.Build.0 = Debug|Any CPU
		{D02A4014-D385-41E1-BBB0-B9804E2F799F}.Release|Any CPU.ActiveCfg = Release|Any CPU
		{D02A4014-D385-41E1-BBB0-B9804E2F799F}.Release|Any CPU.Build.0 = Release|Any CPU
		{E7CD30F1-C778-4B51-971A-13D406BFC0B0}.Debug|Any CPU.ActiveCfg = Debug|Any CPU
		{E7CD30F1-C778-4B51-971A-13D406BFC0B0}.Debug|Any CPU.Build.0 = Debug|Any CPU
		{E7CD30F1-C778-4B51-971A-13D406BFC0B0}.Release|Any CPU.ActiveCfg = Release|Any CPU
		{E7CD30F1-C778-4B51-971A-13D406BFC0B0}.Release|Any CPU.Build.0 = Release|Any CPU
		{7D41D49C-3B60-43F5-B650-C67F2669469F}.Debug|Any CPU.ActiveCfg = Debug|Any CPU
		{7D41D49C-3B60-43F5-B650-C67F2669469F}.Debug|Any CPU.Build.0 = Debug|Any CPU
		{7D41D49C-3B60-43F5-B650-C67F2669469F}.Release|Any CPU.ActiveCfg = Release|Any CPU
		{7D41D49C-3B60-43F5-B650-C67F2669469F}.Release|Any CPU.Build.0 = Release|Any CPU
		{06F22C57-A3E3-4217-B615-4B462BC851DE}.Debug|Any CPU.ActiveCfg = Debug|Any CPU
		{06F22C57-A3E3-4217-B615-4B462BC851DE}.Debug|Any CPU.Build.0 = Debug|Any CPU
		{06F22C57-A3E3-4217-B615-4B462BC851DE}.Release|Any CPU.ActiveCfg = Release|Any CPU
		{06F22C57-A3E3-4217-B615-4B462BC851DE}.Release|Any CPU.Build.0 = Release|Any CPU
		{DCC3912A-77EB-4023-BBA1-008E2271B244}.Debug|Any CPU.ActiveCfg = Debug|Any CPU
		{DCC3912A-77EB-4023-BBA1-008E2271B244}.Debug|Any CPU.Build.0 = Debug|Any CPU
		{DCC3912A-77EB-4023-BBA1-008E2271B244}.Release|Any CPU.ActiveCfg = Release|Any CPU
		{DCC3912A-77EB-4023-BBA1-008E2271B244}.Release|Any CPU.Build.0 = Release|Any CPU
		{3D8154AA-0171-4E80-8AAA-8CD49DD809BA}.Debug|Any CPU.ActiveCfg = Debug|Any CPU
		{3D8154AA-0171-4E80-8AAA-8CD49DD809BA}.Debug|Any CPU.Build.0 = Debug|Any CPU
		{3D8154AA-0171-4E80-8AAA-8CD49DD809BA}.Release|Any CPU.ActiveCfg = Release|Any CPU
		{3D8154AA-0171-4E80-8AAA-8CD49DD809BA}.Release|Any CPU.Build.0 = Release|Any CPU
		{91C39FA6-A060-48B1-A24A-9509EA2A1463}.Debug|Any CPU.ActiveCfg = Debug|Any CPU
		{91C39FA6-A060-48B1-A24A-9509EA2A1463}.Debug|Any CPU.Build.0 = Debug|Any CPU
		{91C39FA6-A060-48B1-A24A-9509EA2A1463}.Release|Any CPU.ActiveCfg = Release|Any CPU
		{91C39FA6-A060-48B1-A24A-9509EA2A1463}.Release|Any CPU.Build.0 = Release|Any CPU
		{A2499D02-6B5B-4007-92A0-8794DC3DABF1}.Debug|Any CPU.ActiveCfg = Debug|Any CPU
		{A2499D02-6B5B-4007-92A0-8794DC3DABF1}.Debug|Any CPU.Build.0 = Debug|Any CPU
		{A2499D02-6B5B-4007-92A0-8794DC3DABF1}.Release|Any CPU.ActiveCfg = Release|Any CPU
		{A2499D02-6B5B-4007-92A0-8794DC3DABF1}.Release|Any CPU.Build.0 = Release|Any CPU
		{1EE2599B-BA8D-496D-8120-A4DA4D65F3CA}.Debug|Any CPU.ActiveCfg = Debug|Any CPU
		{1EE2599B-BA8D-496D-8120-A4DA4D65F3CA}.Debug|Any CPU.Build.0 = Debug|Any CPU
		{1EE2599B-BA8D-496D-8120-A4DA4D65F3CA}.Release|Any CPU.ActiveCfg = Release|Any CPU
		{1EE2599B-BA8D-496D-8120-A4DA4D65F3CA}.Release|Any CPU.Build.0 = Release|Any CPU
		{4AF30D8E-0363-4FAA-B377-23E8C22FF452}.Debug|Any CPU.ActiveCfg = Debug|Any CPU
		{4AF30D8E-0363-4FAA-B377-23E8C22FF452}.Debug|Any CPU.Build.0 = Debug|Any CPU
		{4AF30D8E-0363-4FAA-B377-23E8C22FF452}.Release|Any CPU.ActiveCfg = Release|Any CPU
		{4AF30D8E-0363-4FAA-B377-23E8C22FF452}.Release|Any CPU.Build.0 = Release|Any CPU
		{695C18E3-7F7E-4104-9040-5BD7D54C1863}.Debug|Any CPU.ActiveCfg = Debug|Any CPU
		{695C18E3-7F7E-4104-9040-5BD7D54C1863}.Debug|Any CPU.Build.0 = Debug|Any CPU
		{695C18E3-7F7E-4104-9040-5BD7D54C1863}.Release|Any CPU.ActiveCfg = Release|Any CPU
		{695C18E3-7F7E-4104-9040-5BD7D54C1863}.Release|Any CPU.Build.0 = Release|Any CPU
		{A50BE375-E55C-4ED7-8DD8-31039F5CC386}.Debug|Any CPU.ActiveCfg = Debug|Any CPU
		{A50BE375-E55C-4ED7-8DD8-31039F5CC386}.Debug|Any CPU.Build.0 = Debug|Any CPU
		{A50BE375-E55C-4ED7-8DD8-31039F5CC386}.Release|Any CPU.ActiveCfg = Release|Any CPU
		{A50BE375-E55C-4ED7-8DD8-31039F5CC386}.Release|Any CPU.Build.0 = Release|Any CPU
		{526BF25C-5B5C-44C4-B654-DD336D5148E6}.Debug|Any CPU.ActiveCfg = Debug|Any CPU
		{526BF25C-5B5C-44C4-B654-DD336D5148E6}.Debug|Any CPU.Build.0 = Debug|Any CPU
		{526BF25C-5B5C-44C4-B654-DD336D5148E6}.Release|Any CPU.ActiveCfg = Release|Any CPU
		{526BF25C-5B5C-44C4-B654-DD336D5148E6}.Release|Any CPU.Build.0 = Release|Any CPU
		{8B02A90B-E0EE-4898-9507-D825FC1276C1}.Debug|Any CPU.ActiveCfg = Debug|Any CPU
		{8B02A90B-E0EE-4898-9507-D825FC1276C1}.Debug|Any CPU.Build.0 = Debug|Any CPU
		{8B02A90B-E0EE-4898-9507-D825FC1276C1}.Release|Any CPU.ActiveCfg = Release|Any CPU
		{8B02A90B-E0EE-4898-9507-D825FC1276C1}.Release|Any CPU.Build.0 = Release|Any CPU
	EndGlobalSection
	GlobalSection(SolutionProperties) = preSolution
		HideSolutionNode = FALSE
	EndGlobalSection
	GlobalSection(NestedProjects) = preSolution
		{F2B835CA-06DA-4486-A708-12146EA1C251} = {8305FE03-FF55-4725-B2E9-275FBA67F246}
		{7CC940CD-41D8-4BDC-A6E5-E83AEAF6CEAC} = {E879EDAF-2767-4DEB-868A-DB4B49239E06}
		{BECBE4F7-8A67-430C-9637-6E1F120911A8} = {8305FE03-FF55-4725-B2E9-275FBA67F246}
		{5ACC6B2A-F3C9-4313-8CB1-5BB15A29F77F} = {8305FE03-FF55-4725-B2E9-275FBA67F246}
		{D02A4014-D385-41E1-BBB0-B9804E2F799F} = {8305FE03-FF55-4725-B2E9-275FBA67F246}
		{E7CD30F1-C778-4B51-971A-13D406BFC0B0} = {8305FE03-FF55-4725-B2E9-275FBA67F246}
		{7D41D49C-3B60-43F5-B650-C67F2669469F} = {8305FE03-FF55-4725-B2E9-275FBA67F246}
		{06F22C57-A3E3-4217-B615-4B462BC851DE} = {8305FE03-FF55-4725-B2E9-275FBA67F246}
		{DCC3912A-77EB-4023-BBA1-008E2271B244} = {8305FE03-FF55-4725-B2E9-275FBA67F246}
		{3D8154AA-0171-4E80-8AAA-8CD49DD809BA} = {8305FE03-FF55-4725-B2E9-275FBA67F246}
		{91C39FA6-A060-48B1-A24A-9509EA2A1463} = {8305FE03-FF55-4725-B2E9-275FBA67F246}
		{A2499D02-6B5B-4007-92A0-8794DC3DABF1} = {E879EDAF-2767-4DEB-868A-DB4B49239E06}
		{1EE2599B-BA8D-496D-8120-A4DA4D65F3CA} = {8305FE03-FF55-4725-B2E9-275FBA67F246}
		{4AF30D8E-0363-4FAA-B377-23E8C22FF452} = {8305FE03-FF55-4725-B2E9-275FBA67F246}
		{695C18E3-7F7E-4104-9040-5BD7D54C1863} = {E879EDAF-2767-4DEB-868A-DB4B49239E06}
		{A50BE375-E55C-4ED7-8DD8-31039F5CC386} = {8305FE03-FF55-4725-B2E9-275FBA67F246}
		{526BF25C-5B5C-44C4-B654-DD336D5148E6} = {8305FE03-FF55-4725-B2E9-275FBA67F246}
		{8B02A90B-E0EE-4898-9507-D825FC1276C1} = {8305FE03-FF55-4725-B2E9-275FBA67F246}
	EndGlobalSection
	GlobalSection(ExtensibilityGlobals) = postSolution
		SolutionGuid = {F0239A13-E2E7-4C85-AFF1-88820D94F461}
	EndGlobalSection
EndGlobal
